version = 1
requires-python = ">=3.10"

[[package]]
name = "crc"
version = "7.1.0"
source = { registry = "https://pypi.org/simple" }
sdist = { url = "https://files.pythonhosted.org/packages/7e/e6/c3488c35ecae290751466252e5ea01ef50fc67bfc1a9aba43983329b7025/crc-7.1.0.tar.gz", hash = "sha256:99dd540909a37ae4f62c65441df8ecb4e7f9af014fecaf4f331052a41d66c07d", size = 9888 }
wheels = [
    { url = "https://files.pythonhosted.org/packages/df/ff/5ebeae9b53e8cddd9e6f3b6b0c98da3f112d9a7e1ea638a00876aa8fb5b4/crc-7.1.0-py3-none-any.whl", hash = "sha256:b9845c81d0b900d8fda1aae7af977035bee0359c279713814e9fd23a2d59db6a", size = 8790 },
]

[[package]]
name = "pyserial"
version = "3.5"
source = { registry = "https://pypi.org/simple" }
sdist = { url = "https://files.pythonhosted.org/packages/1e/7d/ae3f0a63f41e4d2f6cb66a5b57197850f919f59e558159a4dd3a818f5082/pyserial-3.5.tar.gz", hash = "sha256:3c77e014170dfffbd816e6ffc205e9842efb10be9f58ec16d3e8675b4925cddb", size = 159125 }
wheels = [
    { url = "https://files.pythonhosted.org/packages/07/bc/587a445451b253b285629263eb51c2d8e9bcea4fc97826266d186f96f558/pyserial-3.5-py2.py3-none-any.whl", hash = "sha256:c4451db6ba391ca6ca299fb3ec7bae67a5c55dde170964c7a14ceefec02f2cf0", size = 90585 },
]

[[package]]
name = "python"
version = "0.1.0"
source = { virtual = "." }
dependencies = [
    { name = "crc" },
    { name = "pyserial" },
]

[package.metadata]
requires-dist = [
    { name = "crc", specifier = ">=7.1.0" },
    { name = "pyserial", specifier = ">=3.5" },
]
